// !$*UTF8*$!
{
	archiveVersion = 1;
	classes = {
	};
	objectVersion = 77;
	objects = {

/* Begin PBXBuildFile section */
		FCA0790A2D90B5BC00DC97A8 /* .gitignore in Resources */ = {isa = PBXBuildFile; fileRef = FCA079092D90B5B300DC97A8 /* .gitignore */; };
		FCCFBD592D9B370000390973 /* Dev.xcconfig in Resources */ = {isa = PBXBuildFile; fileRef = FCCFBD582D9B370000390973 /* Dev.xcconfig */; };
		FCCFBD5B2D9B372400390973 /* Prod.xcconfig in Resources */ = {isa = PBXBuildFile; fileRef = FCCFBD5A2D9B372400390973 /* Prod.xcconfig */; };
/* End PBXBuildFile section */

/* Begin PBXContainerItemProxy section */
		FCA437B72D8C9A7D000510C2 /* PBXContainerItemProxy */ = {
			isa = PBXContainerItemProxy;
			containerPortal = FCA4379E2D8C9A7C000510C2 /* Project object */;
			proxyType = 1;
			remoteGlobalIDString = FCA437A52D8C9A7C000510C2;
			remoteInfo = anothapp;
		};
		FCA437C12D8C9A7D000510C2 /* PBXContainerItemProxy */ = {
			isa = PBXContainerItemProxy;
			containerPortal = FCA4379E2D8C9A7C000510C2 /* Project object */;
			proxyType = 1;
			remoteGlobalIDString = FCA437A52D8C9A7C000510C2;
			remoteInfo = anothapp;
		};
/* End PBXContainerItemProxy section */

/* Begin PBXFileReference section */
		FCA079092D90B5B300DC97A8 /* .gitignore */ = {isa = PBXFileReference; lastKnownFileType = text; path = .gitignore; sourceTree = "<group>"; };
		FCA437A62D8C9A7C000510C2 /* anothapp.app */ = {isa = PBXFileReference; explicitFileType = wrapper.application; includeInIndex = 0; path = anothapp.app; sourceTree = BUILT_PRODUCTS_DIR; };
		FCA437B62D8C9A7D000510C2 /* anothappTests.xctest */ = {isa = PBXFileReference; explicitFileType = wrapper.cfbundle; includeInIndex = 0; path = anothappTests.xctest; sourceTree = BUILT_PRODUCTS_DIR; };
		FCA437C02D8C9A7D000510C2 /* anothappUITests.xctest */ = {isa = PBXFileReference; explicitFileType = wrapper.cfbundle; includeInIndex = 0; path = anothappUITests.xctest; sourceTree = BUILT_PRODUCTS_DIR; };
		FCCFBD582D9B370000390973 /* Dev.xcconfig */ = {isa = PBXFileReference; lastKnownFileType = text.xcconfig; path = Dev.xcconfig; sourceTree = "<group>"; };
		FCCFBD5A2D9B372400390973 /* Prod.xcconfig */ = {isa = PBXFileReference; lastKnownFileType = text.xcconfig; path = Prod.xcconfig; sourceTree = "<group>"; };
/* End PBXFileReference section */

/* Begin PBXFileSystemSynchronizedBuildFileExceptionSet section */
		FCCFBD5D2D9B3FD300390973 /* Exceptions for "anothapp" folder in "anothapp" target */ = {
			isa = PBXFileSystemSynchronizedBuildFileExceptionSet;
			membershipExceptions = (
				Info.plist,
			);
			target = FCA437A52D8C9A7C000510C2 /* anothapp */;
		};
/* End PBXFileSystemSynchronizedBuildFileExceptionSet section */

/* Begin PBXFileSystemSynchronizedRootGroup section */
		FCA437A82D8C9A7C000510C2 /* anothapp */ = {
			isa = PBXFileSystemSynchronizedRootGroup;
			exceptions = (
				FCCFBD5D2D9B3FD300390973 /* Exceptions for "anothapp" folder in "anothapp" target */,
			);
			path = anothapp;
			sourceTree = "<group>";
		};
		FCA437B92D8C9A7D000510C2 /* anothappTests */ = {
			isa = PBXFileSystemSynchronizedRootGroup;
			path = anothappTests;
			sourceTree = "<group>";
		};
		FCA437C32D8C9A7D000510C2 /* anothappUITests */ = {
			isa = PBXFileSystemSynchronizedRootGroup;
			path = anothappUITests;
			sourceTree = "<group>";
		};
/* End PBXFileSystemSynchronizedRootGroup section */

/* Begin PBXFrameworksBuildPhase section */
		FCA437A32D8C9A7C000510C2 /* Frameworks */ = {
			isa = PBXFrameworksBuildPhase;
			buildActionMask = 2147483647;
			files = (
			);
			runOnlyForDeploymentPostprocessing = 0;
		};
		FCA437B32D8C9A7D000510C2 /* Frameworks */ = {
			isa = PBXFrameworksBuildPhase;
			buildActionMask = 2147483647;
			files = (
			);
			runOnlyForDeploymentPostprocessing = 0;
		};
		FCA437BD2D8C9A7D000510C2 /* Frameworks */ = {
			isa = PBXFrameworksBuildPhase;
			buildActionMask = 2147483647;
			files = (
			);
			runOnlyForDeploymentPostprocessing = 0;
		};
/* End PBXFrameworksBuildPhase section */

/* Begin PBXGroup section */
		FCA4379D2D8C9A7C000510C2 = {
			isa = PBXGroup;
			children = (
				FCCFBD582D9B370000390973 /* Dev.xcconfig */,
				FCCFBD5A2D9B372400390973 /* Prod.xcconfig */,
				FCA079092D90B5B300DC97A8 /* .gitignore */,
				FCA437A82D8C9A7C000510C2 /* anothapp */,
				FCA437B92D8C9A7D000510C2 /* anothappTests */,
				FCA437C32D8C9A7D000510C2 /* anothappUITests */,
				FCA437A72D8C9A7C000510C2 /* Products */,
			);
			sourceTree = "<group>";
		};
		FCA437A72D8C9A7C000510C2 /* Products */ = {
			isa = PBXGroup;
			children = (
				FCA437A62D8C9A7C000510C2 /* anothapp.app */,
				FCA437B62D8C9A7D000510C2 /* anothappTests.xctest */,
				FCA437C02D8C9A7D000510C2 /* anothappUITests.xctest */,
			);
			name = Products;
			sourceTree = "<group>";
		};
/* End PBXGroup section */

/* Begin PBXNativeTarget section */
		FCA437A52D8C9A7C000510C2 /* anothapp */ = {
			isa = PBXNativeTarget;
			buildConfigurationList = FCA437CA2D8C9A7D000510C2 /* Build configuration list for PBXNativeTarget "anothapp" */;
			buildPhases = (
				FCA437A22D8C9A7C000510C2 /* Sources */,
				FCA437A32D8C9A7C000510C2 /* Frameworks */,
				FCA437A42D8C9A7C000510C2 /* Resources */,
			);
			buildRules = (
			);
			dependencies = (
			);
			fileSystemSynchronizedGroups = (
				FCA437A82D8C9A7C000510C2 /* anothapp */,
			);
			name = anothapp;
			packageProductDependencies = (
			);
			productName = anothapp;
			productReference = FCA437A62D8C9A7C000510C2 /* anothapp.app */;
			productType = "com.apple.product-type.application";
		};
		FCA437B52D8C9A7D000510C2 /* anothappTests */ = {
			isa = PBXNativeTarget;
			buildConfigurationList = FCA437CD2D8C9A7D000510C2 /* Build configuration list for PBXNativeTarget "anothappTests" */;
			buildPhases = (
				FCA437B22D8C9A7D000510C2 /* Sources */,
				FCA437B32D8C9A7D000510C2 /* Frameworks */,
				FCA437B42D8C9A7D000510C2 /* Resources */,
			);
			buildRules = (
			);
			dependencies = (
				FCA437B82D8C9A7D000510C2 /* PBXTargetDependency */,
			);
			fileSystemSynchronizedGroups = (
				FCA437B92D8C9A7D000510C2 /* anothappTests */,
			);
			name = anothappTests;
			packageProductDependencies = (
			);
			productName = anothappTests;
			productReference = FCA437B62D8C9A7D000510C2 /* anothappTests.xctest */;
			productType = "com.apple.product-type.bundle.unit-test";
		};
		FCA437BF2D8C9A7D000510C2 /* anothappUITests */ = {
			isa = PBXNativeTarget;
			buildConfigurationList = FCA437D02D8C9A7D000510C2 /* Build configuration list for PBXNativeTarget "anothappUITests" */;
			buildPhases = (
				FCA437BC2D8C9A7D000510C2 /* Sources */,
				FCA437BD2D8C9A7D000510C2 /* Frameworks */,
				FCA437BE2D8C9A7D000510C2 /* Resources */,
			);
			buildRules = (
			);
			dependencies = (
				FCA437C22D8C9A7D000510C2 /* PBXTargetDependency */,
			);
			fileSystemSynchronizedGroups = (
				FCA437C32D8C9A7D000510C2 /* anothappUITests */,
			);
			name = anothappUITests;
			packageProductDependencies = (
			);
			productName = anothappUITests;
			productReference = FCA437C02D8C9A7D000510C2 /* anothappUITests.xctest */;
			productType = "com.apple.product-type.bundle.ui-testing";
		};
/* End PBXNativeTarget section */

/* Begin PBXProject section */
		FCA4379E2D8C9A7C000510C2 /* Project object */ = {
			isa = PBXProject;
			attributes = {
				BuildIndependentTargetsInParallel = 1;
				LastSwiftUpdateCheck = 1620;
				LastUpgradeCheck = 1620;
				TargetAttributes = {
					FCA437A52D8C9A7C000510C2 = {
						CreatedOnToolsVersion = 16.2;
					};
					FCA437B52D8C9A7D000510C2 = {
						CreatedOnToolsVersion = 16.2;
						TestTargetID = FCA437A52D8C9A7C000510C2;
					};
					FCA437BF2D8C9A7D000510C2 = {
						CreatedOnToolsVersion = 16.2;
						TestTargetID = FCA437A52D8C9A7C000510C2;
					};
				};
			};
			buildConfigurationList = FCA437A12D8C9A7C000510C2 /* Build configuration list for PBXProject "anothapp" */;
			developmentRegion = en;
			hasScannedForEncodings = 0;
			knownRegions = (
				en,
				Base,
			);
			mainGroup = FCA4379D2D8C9A7C000510C2;
			minimizedProjectReferenceProxies = 1;
			preferredProjectObjectVersion = 77;
			productRefGroup = FCA437A72D8C9A7C000510C2 /* Products */;
			projectDirPath = "";
			projectRoot = "";
			targets = (
				FCA437A52D8C9A7C000510C2 /* anothapp */,
				FCA437B52D8C9A7D000510C2 /* anothappTests */,
				FCA437BF2D8C9A7D000510C2 /* anothappUITests */,
			);
		};
/* End PBXProject section */

/* Begin PBXResourcesBuildPhase section */
		FCA437A42D8C9A7C000510C2 /* Resources */ = {
			isa = PBXResourcesBuildPhase;
			buildActionMask = 2147483647;
			files = (
				FCA0790A2D90B5BC00DC97A8 /* .gitignore in Resources */,
				FCCFBD5B2D9B372400390973 /* Prod.xcconfig in Resources */,
				FCCFBD592D9B370000390973 /* Dev.xcconfig in Resources */,
			);
			runOnlyForDeploymentPostprocessing = 0;
		};
		FCA437B42D8C9A7D000510C2 /* Resources */ = {
			isa = PBXResourcesBuildPhase;
			buildActionMask = 2147483647;
			files = (
			);
			runOnlyForDeploymentPostprocessing = 0;
		};
		FCA437BE2D8C9A7D000510C2 /* Resources */ = {
			isa = PBXResourcesBuildPhase;
			buildActionMask = 2147483647;
			files = (
			);
			runOnlyForDeploymentPostprocessing = 0;
		};
/* End PBXResourcesBuildPhase section */

/* Begin PBXSourcesBuildPhase section */
		FCA437A22D8C9A7C000510C2 /* Sources */ = {
			isa = PBXSourcesBuildPhase;
			buildActionMask = 2147483647;
			files = (
			);
			runOnlyForDeploymentPostprocessing = 0;
		};
		FCA437B22D8C9A7D000510C2 /* Sources */ = {
			isa = PBXSourcesBuildPhase;
			buildActionMask = 2147483647;
			files = (
			);
			runOnlyForDeploymentPostprocessing = 0;
		};
		FCA437BC2D8C9A7D000510C2 /* Sources */ = {
			isa = PBXSourcesBuildPhase;
			buildActionMask = 2147483647;
			files = (
			);
			runOnlyForDeploymentPostprocessing = 0;
		};
/* End PBXSourcesBuildPhase section */

/* Begin PBXTargetDependency section */
		FCA437B82D8C9A7D000510C2 /* PBXTargetDependency */ = {
			isa = PBXTargetDependency;
			target = FCA437A52D8C9A7C000510C2 /* anothapp */;
			targetProxy = FCA437B72D8C9A7D000510C2 /* PBXContainerItemProxy */;
		};
		FCA437C22D8C9A7D000510C2 /* PBXTargetDependency */ = {
			isa = PBXTargetDependency;
			target = FCA437A52D8C9A7C000510C2 /* anothapp */;
			targetProxy = FCA437C12D8C9A7D000510C2 /* PBXContainerItemProxy */;
		};
/* End PBXTargetDependency section */

/* Begin XCBuildConfiguration section */
		FCA437C82D8C9A7D000510C2 /* Debug */ = {
			isa = XCBuildConfiguration;
			baseConfigurationReference = FCCFBD582D9B370000390973 /* Dev.xcconfig */;
			buildSettings = {
				ALWAYS_SEARCH_USER_PATHS = NO;
				ASSETCATALOG_COMPILER_GENERATE_SWIFT_ASSET_SYMBOL_EXTENSIONS = YES;
				CLANG_ANALYZER_NONNULL = YES;
				CLANG_ANALYZER_NUMBER_OBJECT_CONVERSION = YES_AGGRESSIVE;
				CLANG_CXX_LANGUAGE_STANDARD = "gnu++20";
				CLANG_ENABLE_MODULES = YES;
				CLANG_ENABLE_OBJC_ARC = YES;
				CLANG_ENABLE_OBJC_WEAK = YES;
				CLANG_WARN_BLOCK_CAPTURE_AUTORELEASING = YES;
				CLANG_WARN_BOOL_CONVERSION = YES;
				CLANG_WARN_COMMA = YES;
				CLANG_WARN_CONSTANT_CONVERSION = YES;
				CLANG_WARN_DEPRECATED_OBJC_IMPLEMENTATIONS = YES;
				CLANG_WARN_DIRECT_OBJC_ISA_USAGE = YES_ERROR;
				CLANG_WARN_DOCUMENTATION_COMMENTS = YES;
				CLANG_WARN_EMPTY_BODY = YES;
				CLANG_WARN_ENUM_CONVERSION = YES;
				CLANG_WARN_INFINITE_RECURSION = YES;
				CLANG_WARN_INT_CONVERSION = YES;
				CLANG_WARN_NON_LITERAL_NULL_CONVERSION = YES;
				CLANG_WARN_OBJC_IMPLICIT_RETAIN_SELF = YES;
				CLANG_WARN_OBJC_LITERAL_CONVERSION = YES;
				CLANG_WARN_OBJC_ROOT_CLASS = YES_ERROR;
				CLANG_WARN_QUOTED_INCLUDE_IN_FRAMEWORK_HEADER = YES;
				CLANG_WARN_RANGE_LOOP_ANALYSIS = YES;
				CLANG_WARN_STRICT_PROTOTYPES = YES;
				CLANG_WARN_SUSPICIOUS_MOVE = YES;
				CLANG_WARN_UNGUARDED_AVAILABILITY = YES_AGGRESSIVE;
				CLANG_WARN_UNREACHABLE_CODE = YES;
				CLANG_WARN__DUPLICATE_METHOD_MATCH = YES;
				COPY_PHASE_STRIP = NO;
				DEBUG_INFORMATION_FORMAT = dwarf;
				ENABLE_STRICT_OBJC_MSGSEND = YES;
				ENABLE_TESTABILITY = YES;
				ENABLE_USER_SCRIPT_SANDBOXING = YES;
				GCC_C_LANGUAGE_STANDARD = gnu17;
				GCC_DYNAMIC_NO_PIC = NO;
				GCC_NO_COMMON_BLOCKS = YES;
				GCC_OPTIMIZATION_LEVEL = 0;
				GCC_PREPROCESSOR_DEFINITIONS = (
					"DEBUG=1",
					"$(inherited)",
				);
				GCC_WARN_64_TO_32_BIT_CONVERSION = YES;
				GCC_WARN_ABOUT_RETURN_TYPE = YES_ERROR;
				GCC_WARN_UNDECLARED_SELECTOR = YES;
				GCC_WARN_UNINITIALIZED_AUTOS = YES_AGGRESSIVE;
				GCC_WARN_UNUSED_FUNCTION = YES;
				GCC_WARN_UNUSED_VARIABLE = YES;
				IPHONEOS_DEPLOYMENT_TARGET = 18.2;
				LOCALIZATION_PREFERS_STRING_CATALOGS = YES;
				MTL_ENABLE_DEBUG_INFO = INCLUDE_SOURCE;
				MTL_FAST_MATH = YES;
				ONLY_ACTIVE_ARCH = YES;
				SDKROOT = iphoneos;
				SWIFT_ACTIVE_COMPILATION_CONDITIONS = "DEBUG $(inherited)";
				SWIFT_OPTIMIZATION_LEVEL = "-Onone";
			};
			name = Debug;
		};
		FCA437C92D8C9A7D000510C2 /* Release */ = {
			isa = XCBuildConfiguration;
			baseConfigurationReference = FCCFBD5A2D9B372400390973 /* Prod.xcconfig */;
			buildSettings = {
				ALWAYS_SEARCH_USER_PATHS = NO;
				ASSETCATALOG_COMPILER_GENERATE_SWIFT_ASSET_SYMBOL_EXTENSIONS = YES;
				CLANG_ANALYZER_NONNULL = YES;
				CLANG_ANALYZER_NUMBER_OBJECT_CONVERSION = YES_AGGRESSIVE;
				CLANG_CXX_LANGUAGE_STANDARD = "gnu++20";
				CLANG_ENABLE_MODULES = YES;
				CLANG_ENABLE_OBJC_ARC = YES;
				CLANG_ENABLE_OBJC_WEAK = YES;
				CLANG_WARN_BLOCK_CAPTURE_AUTORELEASING = YES;
				CLANG_WARN_BOOL_CONVERSION = YES;
				CLANG_WARN_COMMA = YES;
				CLANG_WARN_CONSTANT_CONVERSION = YES;
				CLANG_WARN_DEPRECATED_OBJC_IMPLEMENTATIONS = YES;
				CLANG_WARN_DIRECT_OBJC_ISA_USAGE = YES_ERROR;
				CLANG_WARN_DOCUMENTATION_COMMENTS = YES;
				CLANG_WARN_EMPTY_BODY = YES;
				CLANG_WARN_ENUM_CONVERSION = YES;
				CLANG_WARN_INFINITE_RECURSION = YES;
				CLANG_WARN_INT_CONVERSION = YES;
				CLANG_WARN_NON_LITERAL_NULL_CONVERSION = YES;
				CLANG_WARN_OBJC_IMPLICIT_RETAIN_SELF = YES;
				CLANG_WARN_OBJC_LITERAL_CONVERSION = YES;
				CLANG_WARN_OBJC_ROOT_CLASS = YES_ERROR;
				CLANG_WARN_QUOTED_INCLUDE_IN_FRAMEWORK_HEADER = YES;
				CLANG_WARN_RANGE_LOOP_ANALYSIS = YES;
				CLANG_WARN_STRICT_PROTOTYPES = YES;
				CLANG_WARN_SUSPICIOUS_MOVE = YES;
				CLANG_WARN_UNGUARDED_AVAILABILITY = YES_AGGRESSIVE;
				CLANG_WARN_UNREACHABLE_CODE = YES;
				CLANG_WARN__DUPLICATE_METHOD_MATCH = YES;
				COPY_PHASE_STRIP = NO;
				DEBUG_INFORMATION_FORMAT = "dwarf-with-dsym";
				ENABLE_NS_ASSERTIONS = NO;
				ENABLE_STRICT_OBJC_MSGSEND = YES;
				ENABLE_USER_SCRIPT_SANDBOXING = YES;
				GCC_C_LANGUAGE_STANDARD = gnu17;
				GCC_NO_COMMON_BLOCKS = YES;
				GCC_WARN_64_TO_32_BIT_CONVERSION = YES;
				GCC_WARN_ABOUT_RETURN_TYPE = YES_ERROR;
				GCC_WARN_UNDECLARED_SELECTOR = YES;
				GCC_WARN_UNINITIALIZED_AUTOS = YES_AGGRESSIVE;
				GCC_WARN_UNUSED_FUNCTION = YES;
				GCC_WARN_UNUSED_VARIABLE = YES;
				IPHONEOS_DEPLOYMENT_TARGET = 18.2;
				LOCALIZATION_PREFERS_STRING_CATALOGS = YES;
				MTL_ENABLE_DEBUG_INFO = NO;
				MTL_FAST_MATH = YES;
				SDKROOT = iphoneos;
				SWIFT_COMPILATION_MODE = wholemodule;
				VALIDATE_PRODUCT = YES;
			};
			name = Release;
		};
		FCA437CB2D8C9A7D000510C2 /* Debug */ = {
			isa = XCBuildConfiguration;
			baseConfigurationReference = FCCFBD582D9B370000390973 /* Dev.xcconfig */;
			buildSettings = {
				ASSETCATALOG_COMPILER_APPICON_NAME = AppIcon;
				ASSETCATALOG_COMPILER_GLOBAL_ACCENT_COLOR_NAME = AccentColor;
				CODE_SIGN_STYLE = Automatic;
				CURRENT_PROJECT_VERSION = 1;
				DEVELOPMENT_ASSET_PATHS = "\"anothapp/Preview Content\"";
				DEVELOPMENT_TEAM = C75K223RM4;
				ENABLE_PREVIEWS = YES;
				GENERATE_INFOPLIST_FILE = YES;
				INFOPLIST_FILE = anothapp/Info.plist;
				INFOPLIST_KEY_UIApplicationSceneManifest_Generation = YES;
				INFOPLIST_KEY_UIApplicationSupportsIndirectInputEvents = YES;
				INFOPLIST_KEY_UILaunchScreen_Generation = YES;
				INFOPLIST_KEY_UISupportedInterfaceOrientations_iPad = "UIInterfaceOrientationPortrait UIInterfaceOrientationPortraitUpsideDown UIInterfaceOrientationLandscapeLeft UIInterfaceOrientationLandscapeRight";
				INFOPLIST_KEY_UISupportedInterfaceOrientations_iPhone = "UIInterfaceOrientationPortrait UIInterfaceOrientationLandscapeLeft UIInterfaceOrientationLandscapeRight";
				LD_RUNPATH_SEARCH_PATHS = (
					"$(inherited)",
					"@executable_path/Frameworks",
				);
				MARKETING_VERSION = 1.0;
				PRODUCT_BUNDLE_IDENTIFIER = adriengarrouste.anothapp;
				PRODUCT_NAME = "$(TARGET_NAME)";
				SUPPORTED_PLATFORMS = "iphoneos iphonesimulator";
				SUPPORTS_MACCATALYST = NO;
				SUPPORTS_MAC_DESIGNED_FOR_IPHONE_IPAD = NO;
				SUPPORTS_XR_DESIGNED_FOR_IPHONE_IPAD = NO;
				SWIFT_EMIT_LOC_STRINGS = YES;
				SWIFT_VERSION = 5.0;
				TARGETED_DEVICE_FAMILY = 1;
			};
			name = Debug;
		};
		FCA437CC2D8C9A7D000510C2 /* Release */ = {
			isa = XCBuildConfiguration;
			baseConfigurationReference = FCCFBD5A2D9B372400390973 /* Prod.xcconfig */;
			buildSettings = {
				ASSETCATALOG_COMPILER_APPICON_NAME = AppIcon;
				ASSETCATALOG_COMPILER_GLOBAL_ACCENT_COLOR_NAME = AccentColor;
				CODE_SIGN_STYLE = Automatic;
				CURRENT_PROJECT_VERSION = 1;
				DEVELOPMENT_ASSET_PATHS = "\"anothapp/Preview Content\"";
				DEVELOPMENT_TEAM = C75K223RM4;
				ENABLE_PREVIEWS = YES;
				GENERATE_INFOPLIST_FILE = YES;
				INFOPLIST_FILE = anothapp/Info.plist;
				INFOPLIST_KEY_UIApplicationSceneManifest_Generation = YES;
				INFOPLIST_KEY_UIApplicationSupportsIndirectInputEvents = YES;
				INFOPLIST_KEY_UILaunchScreen_Generation = YES;
				INFOPLIST_KEY_UISupportedInterfaceOrientations_iPad = "UIInterfaceOrientationPortrait UIInterfaceOrientationPortraitUpsideDown UIInterfaceOrientationLandscapeLeft UIInterfaceOrientationLandscapeRight";
				INFOPLIST_KEY_UISupportedInterfaceOrientations_iPhone = "UIInterfaceOrientationPortrait UIInterfaceOrientationLandscapeLeft UIInterfaceOrientationLandscapeRight";
				LD_RUNPATH_SEARCH_PATHS = (
					"$(inherited)",
					"@executable_path/Frameworks",
				);
				MARKETING_VERSION = 1.0;
				PRODUCT_BUNDLE_IDENTIFIER = adriengarrouste.anothapp;
				PRODUCT_NAME = "$(TARGET_NAME)";
				SUPPORTED_PLATFORMS = "iphoneos iphonesimulator";
				SUPPORTS_MACCATALYST = NO;
				SUPPORTS_MAC_DESIGNED_FOR_IPHONE_IPAD = NO;
				SUPPORTS_XR_DESIGNED_FOR_IPHONE_IPAD = NO;
				SWIFT_EMIT_LOC_STRINGS = YES;
				SWIFT_VERSION = 5.0;
				TARGETED_DEVICE_FAMILY = 1;
			};
			name = Release;
		};
		FCA437CE2D8C9A7D000510C2 /* Debug */ = {
			isa = XCBuildConfiguration;
			buildSettings = {
				BUNDLE_LOADER = "$(TEST_HOST)";
				CODE_SIGN_STYLE = Automatic;
				CURRENT_PROJECT_VERSION = 1;
				GENERATE_INFOPLIST_FILE = YES;
				IPHONEOS_DEPLOYMENT_TARGET = 18.2;
				MARKETING_VERSION = 1.0;
				PRODUCT_BUNDLE_IDENTIFIER = adriengarrouste.anothappTests;
				PRODUCT_NAME = "$(TARGET_NAME)";
				SWIFT_EMIT_LOC_STRINGS = NO;
				SWIFT_VERSION = 5.0;
				TARGETED_DEVICE_FAMILY = "1,2";
				TEST_HOST = "$(BUILT_PRODUCTS_DIR)/anothapp.app/$(BUNDLE_EXECUTABLE_FOLDER_PATH)/anothapp";
			};
			name = Debug;
		};
		FCA437CF2D8C9A7D000510C2 /* Release */ = {
			isa = XCBuildConfiguration;
			buildSettings = {
				BUNDLE_LOADER = "$(TEST_HOST)";
				CODE_SIGN_STYLE = Automatic;
				CURRENT_PROJECT_VERSION = 1;
				GENERATE_INFOPLIST_FILE = YES;
				IPHONEOS_DEPLOYMENT_TARGET = 18.2;
				MARKETING_VERSION = 1.0;
				PRODUCT_BUNDLE_IDENTIFIER = adriengarrouste.anothappTests;
				PRODUCT_NAME = "$(TARGET_NAME)";
				SWIFT_EMIT_LOC_STRINGS = NO;
				SWIFT_VERSION = 5.0;
				TARGETED_DEVICE_FAMILY = "1,2";
				TEST_HOST = "$(BUILT_PRODUCTS_DIR)/anothapp.app/$(BUNDLE_EXECUTABLE_FOLDER_PATH)/anothapp";
			};
			name = Release;
		};
		FCA437D12D8C9A7D000510C2 /* Debug */ = {
			isa = XCBuildConfiguration;
			buildSettings = {
				CODE_SIGN_STYLE = Automatic;
				CURRENT_PROJECT_VERSION = 1;
				GENERATE_INFOPLIST_FILE = YES;
				MARKETING_VERSION = 1.0;
				PRODUCT_BUNDLE_IDENTIFIER = adriengarrouste.anothappUITests;
				PRODUCT_NAME = "$(TARGET_NAME)";
				SWIFT_EMIT_LOC_STRINGS = NO;
				SWIFT_VERSION = 5.0;
				TARGETED_DEVICE_FAMILY = "1,2";
				TEST_TARGET_NAME = anothapp;
			};
			name = Debug;
		};
		FCA437D22D8C9A7D000510C2 /* Release */ = {
			isa = XCBuildConfiguration;
			buildSettings = {
				CODE_SIGN_STYLE = Automatic;
				CURRENT_PROJECT_VERSION = 1;
				GENERATE_INFOPLIST_FILE = YES;
				MARKETING_VERSION = 1.0;
				PRODUCT_BUNDLE_IDENTIFIER = adriengarrouste.anothappUITests;
				PRODUCT_NAME = "$(TARGET_NAME)";
				SWIFT_EMIT_LOC_STRINGS = NO;
				SWIFT_VERSION = 5.0;
				TARGETED_DEVICE_FAMILY = "1,2";
				TEST_TARGET_NAME = anothapp;
			};
			name = Release;
		};
/* End XCBuildConfiguration section */

/* Begin XCConfigurationList section */
		FCA437A12D8C9A7C000510C2 /* Build configuration list for PBXProject "anothapp" */ = {
			isa = XCConfigurationList;
			buildConfigurations = (
				FCA437C82D8C9A7D000510C2 /* Debug */,
				FCA437C92D8C9A7D000510C2 /* Release */,
			);
			defaultConfigurationIsVisible = 0;
			defaultConfigurationName = Release;
		};
		FCA437CA2D8C9A7D000510C2 /* Build configuration list for PBXNativeTarget "anothapp" */ = {
			isa = XCConfigurationList;
			buildConfigurations = (
				FCA437CB2D8C9A7D000510C2 /* Debug */,
				FCA437CC2D8C9A7D000510C2 /* Release */,
			);
			defaultConfigurationIsVisible = 0;
			defaultConfigurationName = Release;
		};
		FCA437CD2D8C9A7D000510C2 /* Build configuration list for PBXNativeTarget "anothappTests" */ = {
			isa = XCConfigurationList;
			buildConfigurations = (
				FCA437CE2D8C9A7D000510C2 /* Debug */,
				FCA437CF2D8C9A7D000510C2 /* Release */,
			);
			defaultConfigurationIsVisible = 0;
			defaultConfigurationName = Release;
		};
		FCA437D02D8C9A7D000510C2 /* Build configuration list for PBXNativeTarget "anothappUITests" */ = {
			isa = XCConfigurationList;
			buildConfigurations = (
				FCA437D12D8C9A7D000510C2 /* Debug */,
				FCA437D22D8C9A7D000510C2 /* Release */,
			);
			defaultConfigurationIsVisible = 0;
			defaultConfigurationName = Release;
		};
/* End XCConfigurationList section */
	};
	rootObject = FCA4379E2D8C9A7C000510C2 /* Project object */;
}
